
Microsoft Visual Studio Solution File, Format Version 12.00
# Visual Studio Version 17
VisualStudioVersion = 17.9.34723.18
MinimumVisualStudioVersion = 10.0.40219.1
Project("{FAE04EC0-301F-11D3-BF4B-00C04F79EFBC}") = "GenericSortedList", "GenericSortedList\GenericSortedList.csproj", "{E6E08751-4BDD-472C-B7F1-A8475A17EF3C}"
EndProject
Global
	GlobalSection(SolutionConfigurationPlatforms) = preSolution
		Debug|Any CPU = Debug|Any CPU
		Release|Any CPU = Release|Any CPU
	EndGlobalSection
	GlobalSection(ProjectConfigurationPlatforms) = postSolution
		{E6E08751-4BDD-472C-B7F1-A8475A17EF3C}.Debug|Any CPU.ActiveCfg = Debug|Any CPU
		{E6E08751-4BDD-472C-B7F1-A8475A17EF3C}.Debug|Any CPU.Build.0 = Debug|Any CPU
		{E6E08751-4BDD-472C-B7F1-A8475A17EF3C}.Release|Any CPU.ActiveCfg = Release|Any CPU
		{E6E08751-4BDD-472C-B7F1-A8475A17EF3C}.Release|Any CPU.Build.0 = Release|Any CPU
	EndGlobalSection
	GlobalSection(SolutionProperties) = preSolution
		HideSolutionNode = FALSE
	EndGlobalSection
	GlobalSection(ExtensibilityGlobals) = postSolution
		SolutionGuid = {48F0ED0C-D40B-44B9-9304-43B65CCFFB36}
	EndGlobalSection
EndGlobal
